version = 1
revision = 3
requires-python = ">=3.14"

[manifest]
members = [
    "adventofcode2020",
    "adventofcoderunner",
]

[[package]]
name = "adventofcode2020"
version = "0.1.0"
source = { editable = "." }
dependencies = [
    { name = "adventofcoderunner" },
]

[package.metadata]
requires-dist = [{ name = "adventofcoderunner", editable = "adventofcoderunner" }]

[[package]]
name = "adventofcoderunner"
version = "0.1.0"
source = { editable = "adventofcoderunner" }
